// !$*UTF8*$!
{
	archiveVersion = 1;
	classes = {
	};
	objectVersion = 51;
	objects = {

/* Begin PBXBuildFile section */
		CA7AA1D5224E8E9900D568C2 /* AppDelegate.swift in Sources */ = {isa = PBXBuildFile; fileRef = CA7AA1D4224E8E9900D568C2 /* AppDelegate.swift */; };
		CA7AA1D7224E8E9900D568C2 /* ViewController.swift in Sources */ = {isa = PBXBuildFile; fileRef = CA7AA1D6224E8E9900D568C2 /* ViewController.swift */; };
		CA7AA1DA224E8E9900D568C2 /* Main.storyboard in Resources */ = {isa = PBXBuildFile; fileRef = CA7AA1D8224E8E9900D568C2 /* Main.storyboard */; };
		CA7AA1DC224E8E9B00D568C2 /* Assets.xcassets in Resources */ = {isa = PBXBuildFile; fileRef = CA7AA1DB224E8E9B00D568C2 /* Assets.xcassets */; };
		CA7AA1DF224E8E9B00D568C2 /* LaunchScreen.storyboard in Resources */ = {isa = PBXBuildFile; fileRef = CA7AA1DD224E8E9B00D568C2 /* LaunchScreen.storyboard */; };
		CA7AA1E4224E8EAC00D568C2 /* SmartISODateFormatter.framework in Frameworks */ = {isa = PBXBuildFile; fileRef = CAB9B55F224E5B6A00934E18 /* SmartISODateFormatter.framework */; };
		CA7AA1E5224E8EAC00D568C2 /* SmartISODateFormatter.framework in Embed Frameworks */ = {isa = PBXBuildFile; fileRef = CAB9B55F224E5B6A00934E18 /* SmartISODateFormatter.framework */; settings = {ATTRIBUTES = (CodeSignOnCopy, RemoveHeadersOnCopy, ); }; };
		CA7AA1E9224E8EF500D568C2 /* SmartISODateFormatter.swift in Sources */ = {isa = PBXBuildFile; fileRef = CAB9B555224E5B3700934E18 /* SmartISODateFormatter.swift */; };
		CAB9B535224E598900934E18 /* SmartISODateFormatter_macOS.h in Headers */ = {isa = PBXBuildFile; fileRef = CAB9B533224E598900934E18 /* SmartISODateFormatter_macOS.h */; settings = {ATTRIBUTES = (Public, ); }; };
		CAB9B543224E5A7C00934E18 /* SmartISODateFormatter_watchOS.h in Headers */ = {isa = PBXBuildFile; fileRef = CAB9B541224E5A7C00934E18 /* SmartISODateFormatter_watchOS.h */; settings = {ATTRIBUTES = (Public, ); }; };
		CAB9B550224E5A9D00934E18 /* SmartISODateFormatter_tvOS.h in Headers */ = {isa = PBXBuildFile; fileRef = CAB9B54E224E5A9D00934E18 /* SmartISODateFormatter_tvOS.h */; settings = {ATTRIBUTES = (Public, ); }; };
		CAB9B557224E5B3700934E18 /* SmartISODateFormatter.swift in Sources */ = {isa = PBXBuildFile; fileRef = CAB9B555224E5B3700934E18 /* SmartISODateFormatter.swift */; };
		CAB9B558224E5B3700934E18 /* SmartISODateFormatter.swift in Sources */ = {isa = PBXBuildFile; fileRef = CAB9B555224E5B3700934E18 /* SmartISODateFormatter.swift */; };
		CAB9B559224E5B3700934E18 /* SmartISODateFormatter.swift in Sources */ = {isa = PBXBuildFile; fileRef = CAB9B555224E5B3700934E18 /* SmartISODateFormatter.swift */; };
		CAB9B563224E5B6A00934E18 /* SmartISODateFormatter_iOS.h in Headers */ = {isa = PBXBuildFile; fileRef = CAB9B561224E5B6A00934E18 /* SmartISODateFormatter_iOS.h */; settings = {ATTRIBUTES = (Public, ); }; };
/* End PBXBuildFile section */

/* Begin PBXContainerItemProxy section */
		CA7AA1E6224E8EAC00D568C2 /* PBXContainerItemProxy */ = {
			isa = PBXContainerItemProxy;
			containerPortal = CAB86E8021C7D5250098ED7A /* Project object */;
			proxyType = 1;
			remoteGlobalIDString = CAB9B55E224E5B6A00934E18;
			remoteInfo = "SmartISODateFormatter-iOS";
		};
/* End PBXContainerItemProxy section */

/* Begin PBXCopyFilesBuildPhase section */
		CA7AA1E8224E8EAC00D568C2 /* Embed Frameworks */ = {
			isa = PBXCopyFilesBuildPhase;
			buildActionMask = 2147483647;
			dstPath = "";
			dstSubfolderSpec = 10;
			files = (
				CA7AA1E5224E8EAC00D568C2 /* SmartISODateFormatter.framework in Embed Frameworks */,
			);
			name = "Embed Frameworks";
			runOnlyForDeploymentPostprocessing = 0;
		};
/* End PBXCopyFilesBuildPhase section */

/* Begin PBXFileReference section */
		CA7AA1D2224E8E9900D568C2 /* SmartISODateFormatterExample.app */ = {isa = PBXFileReference; explicitFileType = wrapper.application; includeInIndex = 0; path = SmartISODateFormatterExample.app; sourceTree = BUILT_PRODUCTS_DIR; };
		CA7AA1D4224E8E9900D568C2 /* AppDelegate.swift */ = {isa = PBXFileReference; lastKnownFileType = sourcecode.swift; path = AppDelegate.swift; sourceTree = "<group>"; };
		CA7AA1D6224E8E9900D568C2 /* ViewController.swift */ = {isa = PBXFileReference; lastKnownFileType = sourcecode.swift; path = ViewController.swift; sourceTree = "<group>"; };
		CA7AA1D9224E8E9900D568C2 /* Base */ = {isa = PBXFileReference; lastKnownFileType = file.storyboard; name = Base; path = Base.lproj/Main.storyboard; sourceTree = "<group>"; };
		CA7AA1DB224E8E9B00D568C2 /* Assets.xcassets */ = {isa = PBXFileReference; lastKnownFileType = folder.assetcatalog; path = Assets.xcassets; sourceTree = "<group>"; };
		CA7AA1DE224E8E9B00D568C2 /* Base */ = {isa = PBXFileReference; lastKnownFileType = file.storyboard; name = Base; path = Base.lproj/LaunchScreen.storyboard; sourceTree = "<group>"; };
		CA7AA1E0224E8E9B00D568C2 /* Info.plist */ = {isa = PBXFileReference; lastKnownFileType = text.plist.xml; path = Info.plist; sourceTree = "<group>"; };
		CAB9B531224E598900934E18 /* SmartISODateFormatter.framework */ = {isa = PBXFileReference; explicitFileType = wrapper.framework; includeInIndex = 0; path = SmartISODateFormatter.framework; sourceTree = BUILT_PRODUCTS_DIR; };
		CAB9B533224E598900934E18 /* SmartISODateFormatter_macOS.h */ = {isa = PBXFileReference; lastKnownFileType = sourcecode.c.h; path = SmartISODateFormatter_macOS.h; sourceTree = "<group>"; };
		CAB9B534224E598900934E18 /* Info.plist */ = {isa = PBXFileReference; lastKnownFileType = text.plist.xml; path = Info.plist; sourceTree = "<group>"; };
		CAB9B53F224E5A7C00934E18 /* SmartISODateFormatter.framework */ = {isa = PBXFileReference; explicitFileType = wrapper.framework; includeInIndex = 0; path = SmartISODateFormatter.framework; sourceTree = BUILT_PRODUCTS_DIR; };
		CAB9B541224E5A7C00934E18 /* SmartISODateFormatter_watchOS.h */ = {isa = PBXFileReference; lastKnownFileType = sourcecode.c.h; path = SmartISODateFormatter_watchOS.h; sourceTree = "<group>"; };
		CAB9B542224E5A7C00934E18 /* Info.plist */ = {isa = PBXFileReference; lastKnownFileType = text.plist.xml; path = Info.plist; sourceTree = "<group>"; };
		CAB9B54C224E5A9D00934E18 /* SmartISODateFormatter.framework */ = {isa = PBXFileReference; explicitFileType = wrapper.framework; includeInIndex = 0; path = SmartISODateFormatter.framework; sourceTree = BUILT_PRODUCTS_DIR; };
		CAB9B54E224E5A9D00934E18 /* SmartISODateFormatter_tvOS.h */ = {isa = PBXFileReference; lastKnownFileType = sourcecode.c.h; path = SmartISODateFormatter_tvOS.h; sourceTree = "<group>"; };
		CAB9B54F224E5A9D00934E18 /* Info.plist */ = {isa = PBXFileReference; lastKnownFileType = text.plist.xml; path = Info.plist; sourceTree = "<group>"; };
		CAB9B555224E5B3700934E18 /* SmartISODateFormatter.swift */ = {isa = PBXFileReference; fileEncoding = 4; lastKnownFileType = sourcecode.swift; path = SmartISODateFormatter.swift; sourceTree = "<group>"; };
		CAB9B55F224E5B6A00934E18 /* SmartISODateFormatter.framework */ = {isa = PBXFileReference; explicitFileType = wrapper.framework; includeInIndex = 0; path = SmartISODateFormatter.framework; sourceTree = BUILT_PRODUCTS_DIR; };
		CAB9B561224E5B6A00934E18 /* SmartISODateFormatter_iOS.h */ = {isa = PBXFileReference; lastKnownFileType = sourcecode.c.h; path = SmartISODateFormatter_iOS.h; sourceTree = "<group>"; };
		CAB9B562224E5B6A00934E18 /* Info.plist */ = {isa = PBXFileReference; lastKnownFileType = text.plist.xml; path = Info.plist; sourceTree = "<group>"; };
/* End PBXFileReference section */

/* Begin PBXFrameworksBuildPhase section */
		CA7AA1CF224E8E9900D568C2 /* Frameworks */ = {
			isa = PBXFrameworksBuildPhase;
			buildActionMask = 2147483647;
			files = (
				CA7AA1E4224E8EAC00D568C2 /* SmartISODateFormatter.framework in Frameworks */,
			);
			runOnlyForDeploymentPostprocessing = 0;
		};
		CAB9B52E224E598900934E18 /* Frameworks */ = {
			isa = PBXFrameworksBuildPhase;
			buildActionMask = 2147483647;
			files = (
			);
			runOnlyForDeploymentPostprocessing = 0;
		};
		CAB9B53C224E5A7C00934E18 /* Frameworks */ = {
			isa = PBXFrameworksBuildPhase;
			buildActionMask = 2147483647;
			files = (
			);
			runOnlyForDeploymentPostprocessing = 0;
		};
		CAB9B549224E5A9D00934E18 /* Frameworks */ = {
			isa = PBXFrameworksBuildPhase;
			buildActionMask = 2147483647;
			files = (
			);
			runOnlyForDeploymentPostprocessing = 0;
		};
		CAB9B55C224E5B6A00934E18 /* Frameworks */ = {
			isa = PBXFrameworksBuildPhase;
			buildActionMask = 2147483647;
			files = (
			);
			runOnlyForDeploymentPostprocessing = 0;
		};
/* End PBXFrameworksBuildPhase section */

/* Begin PBXGroup section */
		CA7AA1D3224E8E9900D568C2 /* SmartISODateFormatterExample */ = {
			isa = PBXGroup;
			children = (
				CA7AA1D4224E8E9900D568C2 /* AppDelegate.swift */,
				CA7AA1D6224E8E9900D568C2 /* ViewController.swift */,
				CA7AA1D8224E8E9900D568C2 /* Main.storyboard */,
				CA7AA1DB224E8E9B00D568C2 /* Assets.xcassets */,
				CA7AA1DD224E8E9B00D568C2 /* LaunchScreen.storyboard */,
				CA7AA1E0224E8E9B00D568C2 /* Info.plist */,
			);
			path = SmartISODateFormatterExample;
			sourceTree = "<group>";
		};
		CAB86E7F21C7D5250098ED7A = {
			isa = PBXGroup;
			children = (
				CAB9B554224E5B3700934E18 /* Sources */,
				CAB9B532224E598900934E18 /* SmartISODateFormatter-macOS */,
				CAB9B540224E5A7C00934E18 /* SmartISODateFormatter-watchOS */,
				CAB9B54D224E5A9D00934E18 /* SmartISODateFormatter-tvOS */,
				CAB9B560224E5B6A00934E18 /* SmartISODateFormatter-iOS */,
				CA7AA1D3224E8E9900D568C2 /* SmartISODateFormatterExample */,
				CAB86E8921C7D5250098ED7A /* Products */,
			);
			sourceTree = "<group>";
		};
		CAB86E8921C7D5250098ED7A /* Products */ = {
			isa = PBXGroup;
			children = (
				CAB9B531224E598900934E18 /* SmartISODateFormatter.framework */,
				CAB9B53F224E5A7C00934E18 /* SmartISODateFormatter.framework */,
				CAB9B54C224E5A9D00934E18 /* SmartISODateFormatter.framework */,
				CAB9B55F224E5B6A00934E18 /* SmartISODateFormatter.framework */,
				CA7AA1D2224E8E9900D568C2 /* SmartISODateFormatterExample.app */,
			);
			name = Products;
			sourceTree = "<group>";
		};
		CAB9B532224E598900934E18 /* SmartISODateFormatter-macOS */ = {
			isa = PBXGroup;
			children = (
				CAB9B533224E598900934E18 /* SmartISODateFormatter_macOS.h */,
				CAB9B534224E598900934E18 /* Info.plist */,
			);
			path = "SmartISODateFormatter-macOS";
			sourceTree = "<group>";
		};
		CAB9B540224E5A7C00934E18 /* SmartISODateFormatter-watchOS */ = {
			isa = PBXGroup;
			children = (
				CAB9B541224E5A7C00934E18 /* SmartISODateFormatter_watchOS.h */,
				CAB9B542224E5A7C00934E18 /* Info.plist */,
			);
			path = "SmartISODateFormatter-watchOS";
			sourceTree = "<group>";
		};
		CAB9B54D224E5A9D00934E18 /* SmartISODateFormatter-tvOS */ = {
			isa = PBXGroup;
			children = (
				CAB9B54E224E5A9D00934E18 /* SmartISODateFormatter_tvOS.h */,
				CAB9B54F224E5A9D00934E18 /* Info.plist */,
			);
			path = "SmartISODateFormatter-tvOS";
			sourceTree = "<group>";
		};
		CAB9B554224E5B3700934E18 /* Sources */ = {
			isa = PBXGroup;
			children = (
				CAB9B555224E5B3700934E18 /* SmartISODateFormatter.swift */,
			);
			path = Sources;
			sourceTree = "<group>";
		};
		CAB9B560224E5B6A00934E18 /* SmartISODateFormatter-iOS */ = {
			isa = PBXGroup;
			children = (
				CAB9B561224E5B6A00934E18 /* SmartISODateFormatter_iOS.h */,
				CAB9B562224E5B6A00934E18 /* Info.plist */,
			);
			path = "SmartISODateFormatter-iOS";
			sourceTree = "<group>";
		};
/* End PBXGroup section */

/* Begin PBXHeadersBuildPhase section */
		CAB9B52C224E598900934E18 /* Headers */ = {
			isa = PBXHeadersBuildPhase;
			buildActionMask = 2147483647;
			files = (
				CAB9B535224E598900934E18 /* SmartISODateFormatter_macOS.h in Headers */,
			);
			runOnlyForDeploymentPostprocessing = 0;
		};
		CAB9B53A224E5A7C00934E18 /* Headers */ = {
			isa = PBXHeadersBuildPhase;
			buildActionMask = 2147483647;
			files = (
				CAB9B543224E5A7C00934E18 /* SmartISODateFormatter_watchOS.h in Headers */,
			);
			runOnlyForDeploymentPostprocessing = 0;
		};
		CAB9B547224E5A9D00934E18 /* Headers */ = {
			isa = PBXHeadersBuildPhase;
			buildActionMask = 2147483647;
			files = (
				CAB9B550224E5A9D00934E18 /* SmartISODateFormatter_tvOS.h in Headers */,
			);
			runOnlyForDeploymentPostprocessing = 0;
		};
		CAB9B55A224E5B6A00934E18 /* Headers */ = {
			isa = PBXHeadersBuildPhase;
			buildActionMask = 2147483647;
			files = (
				CAB9B563224E5B6A00934E18 /* SmartISODateFormatter_iOS.h in Headers */,
			);
			runOnlyForDeploymentPostprocessing = 0;
		};
/* End PBXHeadersBuildPhase section */

/* Begin PBXNativeTarget section */
		CA7AA1D1224E8E9900D568C2 /* SmartISODateFormatterExample */ = {
			isa = PBXNativeTarget;
			buildConfigurationList = CA7AA1E1224E8E9B00D568C2 /* Build configuration list for PBXNativeTarget "SmartISODateFormatterExample" */;
			buildPhases = (
				CA7AA1CE224E8E9900D568C2 /* Sources */,
				CA7AA1CF224E8E9900D568C2 /* Frameworks */,
				CA7AA1D0224E8E9900D568C2 /* Resources */,
				CA7AA1E8224E8EAC00D568C2 /* Embed Frameworks */,
			);
			buildRules = (
			);
			dependencies = (
				CA7AA1E7224E8EAC00D568C2 /* PBXTargetDependency */,
			);
			name = SmartISODateFormatterExample;
			productName = SmartISODateFormatterExample;
			productReference = CA7AA1D2224E8E9900D568C2 /* SmartISODateFormatterExample.app */;
			productType = "com.apple.product-type.application";
		};
		CAB9B530224E598900934E18 /* SmartISODateFormatter-macOS */ = {
			isa = PBXNativeTarget;
			buildConfigurationList = CAB9B536224E598900934E18 /* Build configuration list for PBXNativeTarget "SmartISODateFormatter-macOS" */;
			buildPhases = (
				CAB9B52C224E598900934E18 /* Headers */,
				CAB9B52D224E598900934E18 /* Sources */,
				CAB9B52E224E598900934E18 /* Frameworks */,
				CAB9B52F224E598900934E18 /* Resources */,
			);
			buildRules = (
			);
			dependencies = (
			);
			name = "SmartISODateFormatter-macOS";
			productName = "SmartISODateFormatter-macOS";
			productReference = CAB9B531224E598900934E18 /* SmartISODateFormatter.framework */;
			productType = "com.apple.product-type.framework";
		};
		CAB9B53E224E5A7C00934E18 /* SmartISODateFormatter-watchOS */ = {
			isa = PBXNativeTarget;
			buildConfigurationList = CAB9B544224E5A7C00934E18 /* Build configuration list for PBXNativeTarget "SmartISODateFormatter-watchOS" */;
			buildPhases = (
				CAB9B53A224E5A7C00934E18 /* Headers */,
				CAB9B53B224E5A7C00934E18 /* Sources */,
				CAB9B53C224E5A7C00934E18 /* Frameworks */,
				CAB9B53D224E5A7C00934E18 /* Resources */,
			);
			buildRules = (
			);
			dependencies = (
			);
			name = "SmartISODateFormatter-watchOS";
			productName = "SmartISODateFormatter-watchOS";
			productReference = CAB9B53F224E5A7C00934E18 /* SmartISODateFormatter.framework */;
			productType = "com.apple.product-type.framework";
		};
		CAB9B54B224E5A9D00934E18 /* SmartISODateFormatter-tvOS */ = {
			isa = PBXNativeTarget;
			buildConfigurationList = CAB9B551224E5A9D00934E18 /* Build configuration list for PBXNativeTarget "SmartISODateFormatter-tvOS" */;
			buildPhases = (
				CAB9B547224E5A9D00934E18 /* Headers */,
				CAB9B548224E5A9D00934E18 /* Sources */,
				CAB9B549224E5A9D00934E18 /* Frameworks */,
				CAB9B54A224E5A9D00934E18 /* Resources */,
			);
			buildRules = (
			);
			dependencies = (
			);
			name = "SmartISODateFormatter-tvOS";
			productName = "SmartISODateFormatter-tvOS";
			productReference = CAB9B54C224E5A9D00934E18 /* SmartISODateFormatter.framework */;
			productType = "com.apple.product-type.framework";
		};
		CAB9B55E224E5B6A00934E18 /* SmartISODateFormatter-iOS */ = {
			isa = PBXNativeTarget;
			buildConfigurationList = CAB9B564224E5B6A00934E18 /* Build configuration list for PBXNativeTarget "SmartISODateFormatter-iOS" */;
			buildPhases = (
				CAB9B55A224E5B6A00934E18 /* Headers */,
				CAB9B55B224E5B6A00934E18 /* Sources */,
				CAB9B55C224E5B6A00934E18 /* Frameworks */,
				CAB9B55D224E5B6A00934E18 /* Resources */,
			);
			buildRules = (
			);
			dependencies = (
			);
			name = "SmartISODateFormatter-iOS";
			productName = "SmartISODateFormatter-iOS";
			productReference = CAB9B55F224E5B6A00934E18 /* SmartISODateFormatter.framework */;
			productType = "com.apple.product-type.framework";
		};
/* End PBXNativeTarget section */

/* Begin PBXProject section */
		CAB86E8021C7D5250098ED7A /* Project object */ = {
			isa = PBXProject;
			attributes = {
				LastSwiftUpdateCheck = 1020;
				LastUpgradeCheck = 1010;
				ORGANIZATIONNAME = MrAsterisco;
				TargetAttributes = {
					CA7AA1D1224E8E9900D568C2 = {
						CreatedOnToolsVersion = 10.2;
					};
					CAB9B530224E598900934E18 = {
						CreatedOnToolsVersion = 10.2;
					};
					CAB9B53E224E5A7C00934E18 = {
						CreatedOnToolsVersion = 10.2;
					};
					CAB9B54B224E5A9D00934E18 = {
						CreatedOnToolsVersion = 10.2;
					};
					CAB9B55E224E5B6A00934E18 = {
						CreatedOnToolsVersion = 10.2;
					};
				};
			};
			buildConfigurationList = CAB86E8321C7D5250098ED7A /* Build configuration list for PBXProject "SmartISODateFormatter" */;
			compatibilityVersion = "Xcode 10.0";
			developmentRegion = en;
			hasScannedForEncodings = 0;
			knownRegions = (
				en,
				Base,
			);
			mainGroup = CAB86E7F21C7D5250098ED7A;
			productRefGroup = CAB86E8921C7D5250098ED7A /* Products */;
			projectDirPath = "";
			projectRoot = "";
			targets = (
				CAB9B55E224E5B6A00934E18 /* SmartISODateFormatter-iOS */,
				CAB9B530224E598900934E18 /* SmartISODateFormatter-macOS */,
				CAB9B53E224E5A7C00934E18 /* SmartISODateFormatter-watchOS */,
				CAB9B54B224E5A9D00934E18 /* SmartISODateFormatter-tvOS */,
				CA7AA1D1224E8E9900D568C2 /* SmartISODateFormatterExample */,
			);
		};
/* End PBXProject section */

/* Begin PBXResourcesBuildPhase section */
		CA7AA1D0224E8E9900D568C2 /* Resources */ = {
			isa = PBXResourcesBuildPhase;
			buildActionMask = 2147483647;
			files = (
				CA7AA1DF224E8E9B00D568C2 /* LaunchScreen.storyboard in Resources */,
				CA7AA1DC224E8E9B00D568C2 /* Assets.xcassets in Resources */,
				CA7AA1DA224E8E9900D568C2 /* Main.storyboard in Resources */,
			);
			runOnlyForDeploymentPostprocessing = 0;
		};
		CAB9B52F224E598900934E18 /* Resources */ = {
			isa = PBXResourcesBuildPhase;
			buildActionMask = 2147483647;
			files = (
			);
			runOnlyForDeploymentPostprocessing = 0;
		};
		CAB9B53D224E5A7C00934E18 /* Resources */ = {
			isa = PBXResourcesBuildPhase;
			buildActionMask = 2147483647;
			files = (
			);
			runOnlyForDeploymentPostprocessing = 0;
		};
		CAB9B54A224E5A9D00934E18 /* Resources */ = {
			isa = PBXResourcesBuildPhase;
			buildActionMask = 2147483647;
			files = (
			);
			runOnlyForDeploymentPostprocessing = 0;
		};
		CAB9B55D224E5B6A00934E18 /* Resources */ = {
			isa = PBXResourcesBuildPhase;
			buildActionMask = 2147483647;
			files = (
			);
			runOnlyForDeploymentPostprocessing = 0;
		};
/* End PBXResourcesBuildPhase section */

/* Begin PBXSourcesBuildPhase section */
		CA7AA1CE224E8E9900D568C2 /* Sources */ = {
			isa = PBXSourcesBuildPhase;
			buildActionMask = 2147483647;
			files = (
				CA7AA1D7224E8E9900D568C2 /* ViewController.swift in Sources */,
				CA7AA1D5224E8E9900D568C2 /* AppDelegate.swift in Sources */,
			);
			runOnlyForDeploymentPostprocessing = 0;
		};
		CAB9B52D224E598900934E18 /* Sources */ = {
			isa = PBXSourcesBuildPhase;
			buildActionMask = 2147483647;
			files = (
				CAB9B557224E5B3700934E18 /* SmartISODateFormatter.swift in Sources */,
			);
			runOnlyForDeploymentPostprocessing = 0;
		};
		CAB9B53B224E5A7C00934E18 /* Sources */ = {
			isa = PBXSourcesBuildPhase;
			buildActionMask = 2147483647;
			files = (
				CAB9B558224E5B3700934E18 /* SmartISODateFormatter.swift in Sources */,
			);
			runOnlyForDeploymentPostprocessing = 0;
		};
		CAB9B548224E5A9D00934E18 /* Sources */ = {
			isa = PBXSourcesBuildPhase;
			buildActionMask = 2147483647;
			files = (
				CAB9B559224E5B3700934E18 /* SmartISODateFormatter.swift in Sources */,
			);
			runOnlyForDeploymentPostprocessing = 0;
		};
		CAB9B55B224E5B6A00934E18 /* Sources */ = {
			isa = PBXSourcesBuildPhase;
			buildActionMask = 2147483647;
			files = (
				CA7AA1E9224E8EF500D568C2 /* SmartISODateFormatter.swift in Sources */,
			);
			runOnlyForDeploymentPostprocessing = 0;
		};
/* End PBXSourcesBuildPhase section */

/* Begin PBXTargetDependency section */
		CA7AA1E7224E8EAC00D568C2 /* PBXTargetDependency */ = {
			isa = PBXTargetDependency;
			target = CAB9B55E224E5B6A00934E18 /* SmartISODateFormatter-iOS */;
			targetProxy = CA7AA1E6224E8EAC00D568C2 /* PBXContainerItemProxy */;
		};
/* End PBXTargetDependency section */

/* Begin PBXVariantGroup section */
		CA7AA1D8224E8E9900D568C2 /* Main.storyboard */ = {
			isa = PBXVariantGroup;
			children = (
				CA7AA1D9224E8E9900D568C2 /* Base */,
			);
			name = Main.storyboard;
			sourceTree = "<group>";
		};
		CA7AA1DD224E8E9B00D568C2 /* LaunchScreen.storyboard */ = {
			isa = PBXVariantGroup;
			children = (
				CA7AA1DE224E8E9B00D568C2 /* Base */,
			);
			name = LaunchScreen.storyboard;
			sourceTree = "<group>";
		};
/* End PBXVariantGroup section */

/* Begin XCBuildConfiguration section */
		CA7AA1E2224E8E9B00D568C2 /* Debug */ = {
			isa = XCBuildConfiguration;
			buildSettings = {
				ALWAYS_EMBED_SWIFT_STANDARD_LIBRARIES = YES;
				ASSETCATALOG_COMPILER_APPICON_NAME = AppIcon;
				CODE_SIGN_STYLE = Automatic;
				DEVELOPMENT_TEAM = 98ASURPE63;
				INFOPLIST_FILE = SmartISODateFormatterExample/Info.plist;
				IPHONEOS_DEPLOYMENT_TARGET = 12.2;
				LD_RUNPATH_SEARCH_PATHS = (
					"$(inherited)",
					"@executable_path/Frameworks",
				);
				PRODUCT_BUNDLE_IDENTIFIER = io.mrasterisco.SmartISODateFormatterExample;
				PRODUCT_NAME = "$(TARGET_NAME)";
				SWIFT_VERSION = 5.0;
				TARGETED_DEVICE_FAMILY = "1,2";
			};
			name = Debug;
		};
		CA7AA1E3224E8E9B00D568C2 /* Release */ = {
			isa = XCBuildConfiguration;
			buildSettings = {
				ALWAYS_EMBED_SWIFT_STANDARD_LIBRARIES = YES;
				ASSETCATALOG_COMPILER_APPICON_NAME = AppIcon;
				CODE_SIGN_STYLE = Automatic;
				DEVELOPMENT_TEAM = 98ASURPE63;
				INFOPLIST_FILE = SmartISODateFormatterExample/Info.plist;
				IPHONEOS_DEPLOYMENT_TARGET = 12.2;
				LD_RUNPATH_SEARCH_PATHS = (
					"$(inherited)",
					"@executable_path/Frameworks",
				);
				PRODUCT_BUNDLE_IDENTIFIER = io.mrasterisco.SmartISODateFormatterExample;
				PRODUCT_NAME = "$(TARGET_NAME)";
				SWIFT_VERSION = 5.0;
				TARGETED_DEVICE_FAMILY = "1,2";
			};
			name = Release;
		};
		CAB86E8D21C7D5250098ED7A /* Debug */ = {
			isa = XCBuildConfiguration;
			buildSettings = {
				ALWAYS_SEARCH_USER_PATHS = NO;
				CLANG_ANALYZER_NONNULL = YES;
				CLANG_ANALYZER_NUMBER_OBJECT_CONVERSION = YES_AGGRESSIVE;
				CLANG_CXX_LANGUAGE_STANDARD = "gnu++14";
				CLANG_CXX_LIBRARY = "libc++";
				CLANG_ENABLE_MODULES = YES;
				CLANG_ENABLE_OBJC_ARC = YES;
				CLANG_ENABLE_OBJC_WEAK = YES;
				CLANG_WARN_BLOCK_CAPTURE_AUTORELEASING = YES;
				CLANG_WARN_BOOL_CONVERSION = YES;
				CLANG_WARN_COMMA = YES;
				CLANG_WARN_CONSTANT_CONVERSION = YES;
				CLANG_WARN_DEPRECATED_OBJC_IMPLEMENTATIONS = YES;
				CLANG_WARN_DIRECT_OBJC_ISA_USAGE = YES_ERROR;
				CLANG_WARN_DOCUMENTATION_COMMENTS = YES;
				CLANG_WARN_EMPTY_BODY = YES;
				CLANG_WARN_ENUM_CONVERSION = YES;
				CLANG_WARN_INFINITE_RECURSION = YES;
				CLANG_WARN_INT_CONVERSION = YES;
				CLANG_WARN_NON_LITERAL_NULL_CONVERSION = YES;
				CLANG_WARN_OBJC_IMPLICIT_RETAIN_SELF = YES;
				CLANG_WARN_OBJC_LITERAL_CONVERSION = YES;
				CLANG_WARN_OBJC_ROOT_CLASS = YES_ERROR;
				CLANG_WARN_RANGE_LOOP_ANALYSIS = YES;
				CLANG_WARN_STRICT_PROTOTYPES = YES;
				CLANG_WARN_SUSPICIOUS_MOVE = YES;
				CLANG_WARN_UNGUARDED_AVAILABILITY = YES_AGGRESSIVE;
				CLANG_WARN_UNREACHABLE_CODE = YES;
				CLANG_WARN__DUPLICATE_METHOD_MATCH = YES;
				CODE_SIGN_IDENTITY = "iPhone Developer";
				COPY_PHASE_STRIP = NO;
				DEBUG_INFORMATION_FORMAT = dwarf;
				ENABLE_STRICT_OBJC_MSGSEND = YES;
				ENABLE_TESTABILITY = YES;
				GCC_C_LANGUAGE_STANDARD = gnu11;
				GCC_DYNAMIC_NO_PIC = NO;
				GCC_NO_COMMON_BLOCKS = YES;
				GCC_OPTIMIZATION_LEVEL = 0;
				GCC_PREPROCESSOR_DEFINITIONS = (
					"DEBUG=1",
					"$(inherited)",
				);
				GCC_WARN_64_TO_32_BIT_CONVERSION = YES;
				GCC_WARN_ABOUT_RETURN_TYPE = YES_ERROR;
				GCC_WARN_UNDECLARED_SELECTOR = YES;
				GCC_WARN_UNINITIALIZED_AUTOS = YES_AGGRESSIVE;
				GCC_WARN_UNUSED_FUNCTION = YES;
				GCC_WARN_UNUSED_VARIABLE = YES;
				IPHONEOS_DEPLOYMENT_TARGET = 11.0;
				MACOSX_DEPLOYMENT_TARGET = 10.13;
				MTL_ENABLE_DEBUG_INFO = INCLUDE_SOURCE;
				MTL_FAST_MATH = YES;
				ONLY_ACTIVE_ARCH = YES;
				PRODUCT_NAME = SmartISODateFormatter;
				SDKROOT = iphoneos;
				SWIFT_ACTIVE_COMPILATION_CONDITIONS = DEBUG;
				SWIFT_OPTIMIZATION_LEVEL = "-Onone";
			};
			name = Debug;
		};
		CAB86E8E21C7D5250098ED7A /* Release */ = {
			isa = XCBuildConfiguration;
			buildSettings = {
				ALWAYS_SEARCH_USER_PATHS = NO;
				CLANG_ANALYZER_NONNULL = YES;
				CLANG_ANALYZER_NUMBER_OBJECT_CONVERSION = YES_AGGRESSIVE;
				CLANG_CXX_LANGUAGE_STANDARD = "gnu++14";
				CLANG_CXX_LIBRARY = "libc++";
				CLANG_ENABLE_MODULES = YES;
				CLANG_ENABLE_OBJC_ARC = YES;
				CLANG_ENABLE_OBJC_WEAK = YES;
				CLANG_WARN_BLOCK_CAPTURE_AUTORELEASING = YES;
				CLANG_WARN_BOOL_CONVERSION = YES;
				CLANG_WARN_COMMA = YES;
				CLANG_WARN_CONSTANT_CONVERSION = YES;
				CLANG_WARN_DEPRECATED_OBJC_IMPLEMENTATIONS = YES;
				CLANG_WARN_DIRECT_OBJC_ISA_USAGE = YES_ERROR;
				CLANG_WARN_DOCUMENTATION_COMMENTS = YES;
				CLANG_WARN_EMPTY_BODY = YES;
				CLANG_WARN_ENUM_CONVERSION = YES;
				CLANG_WARN_INFINITE_RECURSION = YES;
				CLANG_WARN_INT_CONVERSION = YES;
				CLANG_WARN_NON_LITERAL_NULL_CONVERSION = YES;
				CLANG_WARN_OBJC_IMPLICIT_RETAIN_SELF = YES;
				CLANG_WARN_OBJC_LITERAL_CONVERSION = YES;
				CLANG_WARN_OBJC_ROOT_CLASS = YES_ERROR;
				CLANG_WARN_RANGE_LOOP_ANALYSIS = YES;
				CLANG_WARN_STRICT_PROTOTYPES = YES;
				CLANG_WARN_SUSPICIOUS_MOVE = YES;
				CLANG_WARN_UNGUARDED_AVAILABILITY = YES_AGGRESSIVE;
				CLANG_WARN_UNREACHABLE_CODE = YES;
				CLANG_WARN__DUPLICATE_METHOD_MATCH = YES;
				CODE_SIGN_IDENTITY = "iPhone Developer";
				COPY_PHASE_STRIP = NO;
				DEBUG_INFORMATION_FORMAT = "dwarf-with-dsym";
				ENABLE_NS_ASSERTIONS = NO;
				ENABLE_STRICT_OBJC_MSGSEND = YES;
				GCC_C_LANGUAGE_STANDARD = gnu11;
				GCC_NO_COMMON_BLOCKS = YES;
				GCC_WARN_64_TO_32_BIT_CONVERSION = YES;
				GCC_WARN_ABOUT_RETURN_TYPE = YES_ERROR;
				GCC_WARN_UNDECLARED_SELECTOR = YES;
				GCC_WARN_UNINITIALIZED_AUTOS = YES_AGGRESSIVE;
				GCC_WARN_UNUSED_FUNCTION = YES;
				GCC_WARN_UNUSED_VARIABLE = YES;
				IPHONEOS_DEPLOYMENT_TARGET = 11.0;
				MACOSX_DEPLOYMENT_TARGET = 10.13;
				MTL_ENABLE_DEBUG_INFO = NO;
				MTL_FAST_MATH = YES;
				PRODUCT_NAME = SmartISODateFormatter;
				SDKROOT = iphoneos;
				SWIFT_COMPILATION_MODE = wholemodule;
				SWIFT_OPTIMIZATION_LEVEL = "-O";
				VALIDATE_PRODUCT = YES;
			};
			name = Release;
		};
		CAB9B537224E598900934E18 /* Debug */ = {
			isa = XCBuildConfiguration;
			buildSettings = {
				CODE_SIGN_IDENTITY = "Mac Developer";
				CODE_SIGN_STYLE = Automatic;
				COMBINE_HIDPI_IMAGES = YES;
				CURRENT_PROJECT_VERSION = 1;
				DEFINES_MODULE = YES;
				DEVELOPMENT_TEAM = "";
				DYLIB_COMPATIBILITY_VERSION = 1;
				DYLIB_CURRENT_VERSION = 1;
				DYLIB_INSTALL_NAME_BASE = "@rpath";
				FRAMEWORK_VERSION = A;
				INFOPLIST_FILE = "SmartISODateFormatter-macOS/Info.plist";
				INSTALL_PATH = "$(LOCAL_LIBRARY_DIR)/Frameworks";
				LD_RUNPATH_SEARCH_PATHS = (
					"$(inherited)",
					"@executable_path/../Frameworks",
					"@loader_path/Frameworks",
				);
				PRODUCT_BUNDLE_IDENTIFIER = io.mrasterisco.SmartISODateFormatter;
				PRODUCT_NAME = SmartISODateFormatter;
				SDKROOT = macosx;
				SKIP_INSTALL = YES;
				SWIFT_VERSION = 5.0;
				VERSIONING_SYSTEM = "apple-generic";
				VERSION_INFO_PREFIX = "";
			};
			name = Debug;
		};
		CAB9B538224E598900934E18 /* Release */ = {
			isa = XCBuildConfiguration;
			buildSettings = {
				CODE_SIGN_IDENTITY = "Mac Developer";
				CODE_SIGN_STYLE = Automatic;
				COMBINE_HIDPI_IMAGES = YES;
				CURRENT_PROJECT_VERSION = 1;
				DEFINES_MODULE = YES;
				DEVELOPMENT_TEAM = "";
				DYLIB_COMPATIBILITY_VERSION = 1;
				DYLIB_CURRENT_VERSION = 1;
				DYLIB_INSTALL_NAME_BASE = "@rpath";
				FRAMEWORK_VERSION = A;
				INFOPLIST_FILE = "SmartISODateFormatter-macOS/Info.plist";
				INSTALL_PATH = "$(LOCAL_LIBRARY_DIR)/Frameworks";
				LD_RUNPATH_SEARCH_PATHS = (
					"$(inherited)",
					"@executable_path/../Frameworks",
					"@loader_path/Frameworks",
				);
				PRODUCT_BUNDLE_IDENTIFIER = io.mrasterisco.SmartISODateFormatter;
				PRODUCT_NAME = SmartISODateFormatter;
				SDKROOT = macosx;
				SKIP_INSTALL = YES;
				SWIFT_VERSION = 5.0;
				VERSIONING_SYSTEM = "apple-generic";
				VERSION_INFO_PREFIX = "";
			};
			name = Release;
		};
		CAB9B545224E5A7C00934E18 /* Debug */ = {
			isa = XCBuildConfiguration;
			buildSettings = {
				APPLICATION_EXTENSION_API_ONLY = YES;
				CODE_SIGN_IDENTITY = "";
				CODE_SIGN_STYLE = Automatic;
				CURRENT_PROJECT_VERSION = 1;
				DEFINES_MODULE = YES;
				DEVELOPMENT_TEAM = "";
				DYLIB_COMPATIBILITY_VERSION = 1;
				DYLIB_CURRENT_VERSION = 1;
				DYLIB_INSTALL_NAME_BASE = "@rpath";
				INFOPLIST_FILE = "SmartISODateFormatter-watchOS/Info.plist";
				INSTALL_PATH = "$(LOCAL_LIBRARY_DIR)/Frameworks";
				LD_RUNPATH_SEARCH_PATHS = (
					"$(inherited)",
					"@executable_path/Frameworks",
					"@loader_path/Frameworks",
				);
				MACH_O_TYPE = staticlib;
				PRODUCT_BUNDLE_IDENTIFIER = io.mrasterisco.SmartISODateFormatter;
				PRODUCT_NAME = SmartISODateFormatter;
				SDKROOT = watchos;
				SKIP_INSTALL = YES;
				SWIFT_VERSION = 5.0;
				TARGETED_DEVICE_FAMILY = 4;
				VERSIONING_SYSTEM = "apple-generic";
				VERSION_INFO_PREFIX = "";
				WATCHOS_DEPLOYMENT_TARGET = 4.0;
			};
			name = Debug;
		};
		CAB9B546224E5A7C00934E18 /* Release */ = {
			isa = XCBuildConfiguration;
			buildSettings = {
				APPLICATION_EXTENSION_API_ONLY = YES;
				CODE_SIGN_IDENTITY = "";
				CODE_SIGN_STYLE = Automatic;
				CURRENT_PROJECT_VERSION = 1;
				DEFINES_MODULE = YES;
				DEVELOPMENT_TEAM = "";
				DYLIB_COMPATIBILITY_VERSION = 1;
				DYLIB_CURRENT_VERSION = 1;
				DYLIB_INSTALL_NAME_BASE = "@rpath";
				INFOPLIST_FILE = "SmartISODateFormatter-watchOS/Info.plist";
				INSTALL_PATH = "$(LOCAL_LIBRARY_DIR)/Frameworks";
				LD_RUNPATH_SEARCH_PATHS = (
					"$(inherited)",
					"@executable_path/Frameworks",
					"@loader_path/Frameworks",
				);
				MACH_O_TYPE = staticlib;
				PRODUCT_BUNDLE_IDENTIFIER = io.mrasterisco.SmartISODateFormatter;
				PRODUCT_NAME = SmartISODateFormatter;
				SDKROOT = watchos;
				SKIP_INSTALL = YES;
				SWIFT_VERSION = 5.0;
				TARGETED_DEVICE_FAMILY = 4;
				VERSIONING_SYSTEM = "apple-generic";
				VERSION_INFO_PREFIX = "";
				WATCHOS_DEPLOYMENT_TARGET = 4.0;
			};
			name = Release;
		};
		CAB9B552224E5A9D00934E18 /* Debug */ = {
			isa = XCBuildConfiguration;
			buildSettings = {
				CODE_SIGN_IDENTITY = "";
				CODE_SIGN_STYLE = Automatic;
				CURRENT_PROJECT_VERSION = 1;
				DEFINES_MODULE = YES;
				DEVELOPMENT_TEAM = "";
				DYLIB_COMPATIBILITY_VERSION = 1;
				DYLIB_CURRENT_VERSION = 1;
				DYLIB_INSTALL_NAME_BASE = "@rpath";
				INFOPLIST_FILE = "SmartISODateFormatter-tvOS/Info.plist";
				INSTALL_PATH = "$(LOCAL_LIBRARY_DIR)/Frameworks";
				LD_RUNPATH_SEARCH_PATHS = (
					"$(inherited)",
					"@executable_path/Frameworks",
					"@loader_path/Frameworks",
				);
				MACH_O_TYPE = staticlib;
				PRODUCT_BUNDLE_IDENTIFIER = io.mrasterisco.SmartISODateFormatter;
				PRODUCT_NAME = SmartISODateFormatter;
				SDKROOT = appletvos;
				SKIP_INSTALL = YES;
				SWIFT_VERSION = 5.0;
				TARGETED_DEVICE_FAMILY = 3;
				TVOS_DEPLOYMENT_TARGET = 11.0;
				VERSIONING_SYSTEM = "apple-generic";
				VERSION_INFO_PREFIX = "";
			};
			name = Debug;
		};
		CAB9B553224E5A9D00934E18 /* Release */ = {
			isa = XCBuildConfiguration;
			buildSettings = {
				CODE_SIGN_IDENTITY = "";
				CODE_SIGN_STYLE = Automatic;
				CURRENT_PROJECT_VERSION = 1;
				DEFINES_MODULE = YES;
				DEVELOPMENT_TEAM = "";
				DYLIB_COMPATIBILITY_VERSION = 1;
				DYLIB_CURRENT_VERSION = 1;
				DYLIB_INSTALL_NAME_BASE = "@rpath";
				INFOPLIST_FILE = "SmartISODateFormatter-tvOS/Info.plist";
				INSTALL_PATH = "$(LOCAL_LIBRARY_DIR)/Frameworks";
				LD_RUNPATH_SEARCH_PATHS = (
					"$(inherited)",
					"@executable_path/Frameworks",
					"@loader_path/Frameworks",
				);
				MACH_O_TYPE = staticlib;
				PRODUCT_BUNDLE_IDENTIFIER = io.mrasterisco.SmartISODateFormatter;
				PRODUCT_NAME = SmartISODateFormatter;
				SDKROOT = appletvos;
				SKIP_INSTALL = YES;
				SWIFT_VERSION = 5.0;
				TARGETED_DEVICE_FAMILY = 3;
				TVOS_DEPLOYMENT_TARGET = 11.0;
				VERSIONING_SYSTEM = "apple-generic";
				VERSION_INFO_PREFIX = "";
			};
			name = Release;
		};
		CAB9B565224E5B6A00934E18 /* Debug */ = {
			isa = XCBuildConfiguration;
			buildSettings = {
				CODE_SIGN_IDENTITY = "";
				CODE_SIGN_STYLE = Automatic;
				CURRENT_PROJECT_VERSION = 1;
				DEFINES_MODULE = YES;
				DEVELOPMENT_TEAM = 98ASURPE63;
				DYLIB_COMPATIBILITY_VERSION = 1;
				DYLIB_CURRENT_VERSION = 1;
				DYLIB_INSTALL_NAME_BASE = "@rpath";
				INFOPLIST_FILE = "SmartISODateFormatter-iOS/Info.plist";
				INSTALL_PATH = "$(LOCAL_LIBRARY_DIR)/Frameworks";
				LD_RUNPATH_SEARCH_PATHS = (
					"$(inherited)",
					"@executable_path/Frameworks",
					"@loader_path/Frameworks",
				);
				MACH_O_TYPE = staticlib;
				PRODUCT_BUNDLE_IDENTIFIER = io.mrasterisco.SmartISODateFormatter;
				PRODUCT_NAME = SmartISODateFormatter;
				SKIP_INSTALL = YES;
				SWIFT_VERSION = 5.0;
				TARGETED_DEVICE_FAMILY = "1,2";
				VERSIONING_SYSTEM = "apple-generic";
				VERSION_INFO_PREFIX = "";
			};
			name = Debug;
		};
		CAB9B566224E5B6A00934E18 /* Release */ = {
			isa = XCBuildConfiguration;
			buildSettings = {
				CODE_SIGN_IDENTITY = "";
				CODE_SIGN_STYLE = Automatic;
				CURRENT_PROJECT_VERSION = 1;
				DEFINES_MODULE = YES;
				DEVELOPMENT_TEAM = 98ASURPE63;
				DYLIB_COMPATIBILITY_VERSION = 1;
				DYLIB_CURRENT_VERSION = 1;
				DYLIB_INSTALL_NAME_BASE = "@rpath";
				INFOPLIST_FILE = "SmartISODateFormatter-iOS/Info.plist";
				INSTALL_PATH = "$(LOCAL_LIBRARY_DIR)/Frameworks";
				LD_RUNPATH_SEARCH_PATHS = (
					"$(inherited)",
					"@executable_path/Frameworks",
					"@loader_path/Frameworks",
				);
				MACH_O_TYPE = staticlib;
				PRODUCT_BUNDLE_IDENTIFIER = io.mrasterisco.SmartISODateFormatter;
				PRODUCT_NAME = SmartISODateFormatter;
				SKIP_INSTALL = YES;
				SWIFT_VERSION = 5.0;
				TARGETED_DEVICE_FAMILY = "1,2";
				VERSIONING_SYSTEM = "apple-generic";
				VERSION_INFO_PREFIX = "";
			};
			name = Release;
		};
/* End XCBuildConfiguration section */

/* Begin XCConfigurationList section */
		CA7AA1E1224E8E9B00D568C2 /* Build configuration list for PBXNativeTarget "SmartISODateFormatterExample" */ = {
			isa = XCConfigurationList;
			buildConfigurations = (
				CA7AA1E2224E8E9B00D568C2 /* Debug */,
				CA7AA1E3224E8E9B00D568C2 /* Release */,
			);
			defaultConfigurationIsVisible = 0;
			defaultConfigurationName = Release;
		};
		CAB86E8321C7D5250098ED7A /* Build configuration list for PBXProject "SmartISODateFormatter" */ = {
			isa = XCConfigurationList;
			buildConfigurations = (
				CAB86E8D21C7D5250098ED7A /* Debug */,
				CAB86E8E21C7D5250098ED7A /* Release */,
			);
			defaultConfigurationIsVisible = 0;
			defaultConfigurationName = Release;
		};
		CAB9B536224E598900934E18 /* Build configuration list for PBXNativeTarget "SmartISODateFormatter-macOS" */ = {
			isa = XCConfigurationList;
			buildConfigurations = (
				CAB9B537224E598900934E18 /* Debug */,
				CAB9B538224E598900934E18 /* Release */,
			);
			defaultConfigurationIsVisible = 0;
			defaultConfigurationName = Release;
		};
		CAB9B544224E5A7C00934E18 /* Build configuration list for PBXNativeTarget "SmartISODateFormatter-watchOS" */ = {
			isa = XCConfigurationList;
			buildConfigurations = (
				CAB9B545224E5A7C00934E18 /* Debug */,
				CAB9B546224E5A7C00934E18 /* Release */,
			);
			defaultConfigurationIsVisible = 0;
			defaultConfigurationName = Release;
		};
		CAB9B551224E5A9D00934E18 /* Build configuration list for PBXNativeTarget "SmartISODateFormatter-tvOS" */ = {
			isa = XCConfigurationList;
			buildConfigurations = (
				CAB9B552224E5A9D00934E18 /* Debug */,
				CAB9B553224E5A9D00934E18 /* Release */,
			);
			defaultConfigurationIsVisible = 0;
			defaultConfigurationName = Release;
		};
		CAB9B564224E5B6A00934E18 /* Build configuration list for PBXNativeTarget "SmartISODateFormatter-iOS" */ = {
			isa = XCConfigurationList;
			buildConfigurations = (
				CAB9B565224E5B6A00934E18 /* Debug */,
				CAB9B566224E5B6A00934E18 /* Release */,
			);
			defaultConfigurationIsVisible = 0;
			defaultConfigurationName = Release;
		};
/* End XCConfigurationList section */
	};
	rootObject = CAB86E8021C7D5250098ED7A /* Project object */;
}
